
Microsoft Visual Studio Solution File, Format Version 12.00
# Visual Studio Version 16
VisualStudioVersion = 16.0.810.23
MinimumVisualStudioVersion = 10.0.40219.1
Project("{FAE04EC0-301F-11D3-BF4B-00C04F79EFBC}") = "prime_numbers", "prime_numbers.csproj", "{1F9F7AF4-264E-41F6-9D63-243977F10865}"
EndProject
Global
	GlobalSection(SolutionConfigurationPlatforms) = preSolution
		Debug|Any CPU = Debug|Any CPU
		Release|Any CPU = Release|Any CPU
	EndGlobalSection
	GlobalSection(ProjectConfigurationPlatforms) = postSolution
		{1F9F7AF4-264E-41F6-9D63-243977F10865}.Debug|Any CPU.ActiveCfg = Debug|Any CPU
		{1F9F7AF4-264E-41F6-9D63-243977F10865}.Debug|Any CPU.Build.0 = Debug|Any CPU
		{1F9F7AF4-264E-41F6-9D63-243977F10865}.Release|Any CPU.ActiveCfg = Release|Any CPU
		{1F9F7AF4-264E-41F6-9D63-243977F10865}.Release|Any CPU.Build.0 = Release|Any CPU
	EndGlobalSection
	GlobalSection(SolutionProperties) = preSolution
		HideSolutionNode = FALSE
	EndGlobalSection
	GlobalSection(ExtensibilityGlobals) = postSolution
		SolutionGuid = {7210A047-7E45-4D6C-8929-C8DF45C43182}
	EndGlobalSection
EndGlobal
