
Microsoft Visual Studio Solution File, Format Version 12.00
# Visual Studio Version 16
VisualStudioVersion = 16.0.810.23
MinimumVisualStudioVersion = 10.0.40219.1
Project("{FAE04EC0-301F-11D3-BF4B-00C04F79EFBC}") = "FizzBuz", "FizzBuz\FizzBuz.csproj", "{B94ED8F0-CCC9-4BB7-A38F-DA6148374720}"
EndProject
Global
	GlobalSection(SolutionConfigurationPlatforms) = preSolution
		Debug|Any CPU = Debug|Any CPU
		Release|Any CPU = Release|Any CPU
	EndGlobalSection
	GlobalSection(ProjectConfigurationPlatforms) = postSolution
		{B94ED8F0-CCC9-4BB7-A38F-DA6148374720}.Debug|Any CPU.ActiveCfg = Debug|Any CPU
		{B94ED8F0-CCC9-4BB7-A38F-DA6148374720}.Debug|Any CPU.Build.0 = Debug|Any CPU
		{B94ED8F0-CCC9-4BB7-A38F-DA6148374720}.Release|Any CPU.ActiveCfg = Release|Any CPU
		{B94ED8F0-CCC9-4BB7-A38F-DA6148374720}.Release|Any CPU.Build.0 = Release|Any CPU
	EndGlobalSection
	GlobalSection(SolutionProperties) = preSolution
		HideSolutionNode = FALSE
	EndGlobalSection
	GlobalSection(ExtensibilityGlobals) = postSolution
		SolutionGuid = {7130A2D1-2689-4566-AF31-AF8C132DA598}
	EndGlobalSection
EndGlobal
