
Microsoft Visual Studio Solution File, Format Version 12.00
# Visual Studio Version 16
VisualStudioVersion = 16.0.810.23
MinimumVisualStudioVersion = 10.0.40219.1
Project("{FAE04EC0-301F-11D3-BF4B-00C04F79EFBC}") = "countingnumber", "countingnumber\countingnumber.csproj", "{632A5D9C-0590-4845-A486-D7EAF8E858DA}"
EndProject
Global
	GlobalSection(SolutionConfigurationPlatforms) = preSolution
		Debug|Any CPU = Debug|Any CPU
		Release|Any CPU = Release|Any CPU
	EndGlobalSection
	GlobalSection(ProjectConfigurationPlatforms) = postSolution
		{632A5D9C-0590-4845-A486-D7EAF8E858DA}.Debug|Any CPU.ActiveCfg = Debug|Any CPU
		{632A5D9C-0590-4845-A486-D7EAF8E858DA}.Debug|Any CPU.Build.0 = Debug|Any CPU
		{632A5D9C-0590-4845-A486-D7EAF8E858DA}.Release|Any CPU.ActiveCfg = Release|Any CPU
		{632A5D9C-0590-4845-A486-D7EAF8E858DA}.Release|Any CPU.Build.0 = Release|Any CPU
	EndGlobalSection
	GlobalSection(SolutionProperties) = preSolution
		HideSolutionNode = FALSE
	EndGlobalSection
	GlobalSection(ExtensibilityGlobals) = postSolution
		SolutionGuid = {88B18AF9-B755-44F4-ACAF-B328E38D4AD0}
	EndGlobalSection
EndGlobal
